
Microsoft Visual Studio Solution File, Format Version 12.00
# Visual Studio Version 16
VisualStudioVersion = 25.0.1704.0
MinimumVisualStudioVersion = 10.0.40219.1
Project("{FAE04EC0-301F-11D3-BF4B-00C04F79EFBC}") = "semana7.Android", "semana7\semana7.Android\semana7.Android.csproj", "{7C67B0C8-A3FC-48C8-82CC-419EEFFC0A0E}"
EndProject
Project("{FAE04EC0-301F-11D3-BF4B-00C04F79EFBC}") = "semana7.iOS", "semana7\semana7.iOS\semana7.iOS.csproj", "{6FC8CA3F-223A-4286-8E5E-98EA587DECB6}"
EndProject
Project("{FAE04EC0-301F-11D3-BF4B-00C04F79EFBC}") = "semana7", "semana7\semana7\semana7.csproj", "{4BCDD765-C9E7-413F-B848-F433C382D315}"
EndProject
Global
	GlobalSection(SolutionConfigurationPlatforms) = preSolution
		Debug|Any CPU = Debug|Any CPU
		Release|Any CPU = Release|Any CPU
		Debug|iPhoneSimulator = Debug|iPhoneSimulator
		Release|iPhoneSimulator = Release|iPhoneSimulator
		Debug|iPhone = Debug|iPhone
		Release|iPhone = Release|iPhone
	EndGlobalSection
	GlobalSection(ProjectConfigurationPlatforms) = postSolution
		{7C67B0C8-A3FC-48C8-82CC-419EEFFC0A0E}.Debug|Any CPU.ActiveCfg = Debug|Any CPU
		{7C67B0C8-A3FC-48C8-82CC-419EEFFC0A0E}.Debug|Any CPU.Build.0 = Debug|Any CPU
		{7C67B0C8-A3FC-48C8-82CC-419EEFFC0A0E}.Release|Any CPU.ActiveCfg = Release|Any CPU
		{7C67B0C8-A3FC-48C8-82CC-419EEFFC0A0E}.Release|Any CPU.Build.0 = Release|Any CPU
		{7C67B0C8-A3FC-48C8-82CC-419EEFFC0A0E}.Debug|iPhoneSimulator.ActiveCfg = Debug|Any CPU
		{7C67B0C8-A3FC-48C8-82CC-419EEFFC0A0E}.Debug|iPhoneSimulator.Build.0 = Debug|Any CPU
		{7C67B0C8-A3FC-48C8-82CC-419EEFFC0A0E}.Release|iPhoneSimulator.ActiveCfg = Release|Any CPU
		{7C67B0C8-A3FC-48C8-82CC-419EEFFC0A0E}.Release|iPhoneSimulator.Build.0 = Release|Any CPU
		{7C67B0C8-A3FC-48C8-82CC-419EEFFC0A0E}.Debug|iPhone.ActiveCfg = Debug|Any CPU
		{7C67B0C8-A3FC-48C8-82CC-419EEFFC0A0E}.Debug|iPhone.Build.0 = Debug|Any CPU
		{7C67B0C8-A3FC-48C8-82CC-419EEFFC0A0E}.Release|iPhone.ActiveCfg = Release|Any CPU
		{7C67B0C8-A3FC-48C8-82CC-419EEFFC0A0E}.Release|iPhone.Build.0 = Release|Any CPU
		{6FC8CA3F-223A-4286-8E5E-98EA587DECB6}.Debug|Any CPU.ActiveCfg = Debug|iPhoneSimulator
		{6FC8CA3F-223A-4286-8E5E-98EA587DECB6}.Debug|Any CPU.Build.0 = Debug|iPhoneSimulator
		{6FC8CA3F-223A-4286-8E5E-98EA587DECB6}.Release|Any CPU.ActiveCfg = Release|iPhoneSimulator
		{6FC8CA3F-223A-4286-8E5E-98EA587DECB6}.Release|Any CPU.Build.0 = Release|iPhoneSimulator
		{6FC8CA3F-223A-4286-8E5E-98EA587DECB6}.Debug|iPhoneSimulator.ActiveCfg = Debug|iPhoneSimulator
		{6FC8CA3F-223A-4286-8E5E-98EA587DECB6}.Debug|iPhoneSimulator.Build.0 = Debug|iPhoneSimulator
		{6FC8CA3F-223A-4286-8E5E-98EA587DECB6}.Release|iPhoneSimulator.ActiveCfg = Release|iPhoneSimulator
		{6FC8CA3F-223A-4286-8E5E-98EA587DECB6}.Release|iPhoneSimulator.Build.0 = Release|iPhoneSimulator
		{6FC8CA3F-223A-4286-8E5E-98EA587DECB6}.Debug|iPhone.ActiveCfg = Debug|iPhone
		{6FC8CA3F-223A-4286-8E5E-98EA587DECB6}.Debug|iPhone.Build.0 = Debug|iPhone
		{6FC8CA3F-223A-4286-8E5E-98EA587DECB6}.Release|iPhone.ActiveCfg = Release|iPhone
		{6FC8CA3F-223A-4286-8E5E-98EA587DECB6}.Release|iPhone.Build.0 = Release|iPhone
		{4BCDD765-C9E7-413F-B848-F433C382D315}.Debug|Any CPU.ActiveCfg = Debug|Any CPU
		{4BCDD765-C9E7-413F-B848-F433C382D315}.Debug|Any CPU.Build.0 = Debug|Any CPU
		{4BCDD765-C9E7-413F-B848-F433C382D315}.Release|Any CPU.ActiveCfg = Release|Any CPU
		{4BCDD765-C9E7-413F-B848-F433C382D315}.Release|Any CPU.Build.0 = Release|Any CPU
		{4BCDD765-C9E7-413F-B848-F433C382D315}.Debug|iPhoneSimulator.ActiveCfg = Debug|Any CPU
		{4BCDD765-C9E7-413F-B848-F433C382D315}.Debug|iPhoneSimulator.Build.0 = Debug|Any CPU
		{4BCDD765-C9E7-413F-B848-F433C382D315}.Release|iPhoneSimulator.ActiveCfg = Release|Any CPU
		{4BCDD765-C9E7-413F-B848-F433C382D315}.Release|iPhoneSimulator.Build.0 = Release|Any CPU
		{4BCDD765-C9E7-413F-B848-F433C382D315}.Debug|iPhone.ActiveCfg = Debug|Any CPU
		{4BCDD765-C9E7-413F-B848-F433C382D315}.Debug|iPhone.Build.0 = Debug|Any CPU
		{4BCDD765-C9E7-413F-B848-F433C382D315}.Release|iPhone.ActiveCfg = Release|Any CPU
		{4BCDD765-C9E7-413F-B848-F433C382D315}.Release|iPhone.Build.0 = Release|Any CPU
	EndGlobalSection
	GlobalSection(SolutionProperties) = preSolution
		HideSolutionNode = FALSE
	EndGlobalSection
	GlobalSection(ExtensibilityGlobals) = postSolution
		SolutionGuid = {7B8D3A9A-5DE2-49BD-B06E-98D7B09D2BD7}
	EndGlobalSection
EndGlobal
